{
  "name": "MealMaven",
  "lockfileVersion": 2,
  "requires": true,
  "packages": {
    "": {
      "dependencies": {
        "parallax": "^0.0.0"
      }
    },
    "node_modules/parallax": {
      "version": "0.0.0",
      "resolved": "https://registry.npmjs.org/parallax/-/parallax-0.0.0.tgz",
      "integrity": "sha512-rzFe6y4aAsqhA1aGhNQTG32azrrVueNm5Lhyp2/yXYFbCuusO8VW6CqobtKqO2LBIUJBxYoRskVG2oTeBqdCpw=="
    }
  },
  "dependencies": {
    "parallax": {
      "version": "0.0.0",
      "resolved": "https://registry.npmjs.org/parallax/-/parallax-0.0.0.tgz",
      "integrity": "sha512-rzFe6y4aAsqhA1aGhNQTG32azrrVueNm5Lhyp2/yXYFbCuusO8VW6CqobtKqO2LBIUJBxYoRskVG2oTeBqdCpw=="
    }
  }
}
